{
  "version": 4,
  "terraform_version": "1.5.2",
  "serial": 3,
  "lineage": "e1a0a95f-48ce-fbc6-c19a-e2fca41ab7ce",
  "outputs": {},
  "resources": [
    {
      "module": "module.neogrid-test",
      "mode": "managed",
      "type": "huaweicloud_vpc",
      "name": "custom",
      "provider": "provider[\"registry.terraform.io/huaweicloud/huaweicloud\"]",
      "instances": [
        {
          "index_key": "my-vpc",
          "schema_version": 0,
          "attributes": {
            "cidr": "10.144.0.0/21",
            "description": "",
            "enterprise_project_id": "0",
            "id": "650a177c-a8a0-4101-b644-612b00b18569",
            "name": "my-vpc",
            "region": "sa-brazil-1",
            "routes": [],
            "secondary_cidr": null,
            "status": "OK",
            "tags": null,
            "timeouts": null
          },
          "sensitive_attributes": [],
          "private": "eyJlMmJmYjczMC1lY2FhLTExZTYtOGY4OC0zNDM2M2JjN2M0YzAiOnsiY3JlYXRlIjo2MDAwMDAwMDAwMDAsImRlbGV0ZSI6MTgwMDAwMDAwMDAwfX0="
        }
      ]
    }
  ],
  "check_results": null
}
